
Microsoft Visual Studio Solution File, Format Version 12.00
# Visual Studio Version 17
VisualStudioVersion = 17.9.34723.18
MinimumVisualStudioVersion = 10.0.40219.1
Project("{9A19103F-16F7-4668-BE54-9A1E7A4F7556}") = "API", "API.csproj", "{A9E5AC6E-296E-4F6F-85DA-B321B34BA59B}"
EndProject
Project("{9A19103F-16F7-4668-BE54-9A1E7A4F7556}") = "Data", "DataAccess\Data.csproj", "{26FD8D6D-B4B5-4934-8798-6B03F685C87E}"
EndProject
Global
	GlobalSection(SolutionConfigurationPlatforms) = preSolution
		Debug|Any CPU = Debug|Any CPU
		Release|Any CPU = Release|Any CPU
	EndGlobalSection
	GlobalSection(ProjectConfigurationPlatforms) = postSolution
		{A9E5AC6E-296E-4F6F-85DA-B321B34BA59B}.Debug|Any CPU.ActiveCfg = Debug|Any CPU
		{A9E5AC6E-296E-4F6F-85DA-B321B34BA59B}.Debug|Any CPU.Build.0 = Debug|Any CPU
		{A9E5AC6E-296E-4F6F-85DA-B321B34BA59B}.Release|Any CPU.ActiveCfg = Release|Any CPU
		{A9E5AC6E-296E-4F6F-85DA-B321B34BA59B}.Release|Any CPU.Build.0 = Release|Any CPU
		{26FD8D6D-B4B5-4934-8798-6B03F685C87E}.Debug|Any CPU.ActiveCfg = Debug|Any CPU
		{26FD8D6D-B4B5-4934-8798-6B03F685C87E}.Debug|Any CPU.Build.0 = Debug|Any CPU
		{26FD8D6D-B4B5-4934-8798-6B03F685C87E}.Release|Any CPU.ActiveCfg = Release|Any CPU
		{26FD8D6D-B4B5-4934-8798-6B03F685C87E}.Release|Any CPU.Build.0 = Release|Any CPU
	EndGlobalSection
	GlobalSection(SolutionProperties) = preSolution
		HideSolutionNode = FALSE
	EndGlobalSection
	GlobalSection(ExtensibilityGlobals) = postSolution
		SolutionGuid = {15761D26-8359-421A-8C89-9EBB408CDE97}
	EndGlobalSection
EndGlobal
